
Microsoft Visual Studio Solution File, Format Version 12.00
# Visual Studio Version 16
VisualStudioVersion = 16.0.31702.278
MinimumVisualStudioVersion = 10.0.40219.1
Project("{FAE04EC0-301F-11D3-BF4B-00C04F79EFBC}") = "Lab11_Task1_WpfApp", "Lab11_Task1_WpfApp\Lab11_Task1_WpfApp.csproj", "{2E582392-3BF3-4FC5-A8E3-2CFE15021D78}"
	ProjectSection(ProjectDependencies) = postProject
		{91732287-65B0-4202-98BF-5FF72A245108} = {91732287-65B0-4202-98BF-5FF72A245108}
	EndProjectSection
EndProject
Project("{FAE04EC0-301F-11D3-BF4B-00C04F79EFBC}") = "Lab11_Task2_WpfApp", "..\Lab11_Task2_WpfApp\Lab11_Task2_WpfApp.csproj", "{91732287-65B0-4202-98BF-5FF72A245108}"
EndProject
Global
	GlobalSection(SolutionConfigurationPlatforms) = preSolution
		Debug|Any CPU = Debug|Any CPU
		Release|Any CPU = Release|Any CPU
	EndGlobalSection
	GlobalSection(ProjectConfigurationPlatforms) = postSolution
		{2E582392-3BF3-4FC5-A8E3-2CFE15021D78}.Debug|Any CPU.ActiveCfg = Debug|Any CPU
		{2E582392-3BF3-4FC5-A8E3-2CFE15021D78}.Debug|Any CPU.Build.0 = Debug|Any CPU
		{2E582392-3BF3-4FC5-A8E3-2CFE15021D78}.Release|Any CPU.ActiveCfg = Release|Any CPU
		{2E582392-3BF3-4FC5-A8E3-2CFE15021D78}.Release|Any CPU.Build.0 = Release|Any CPU
		{91732287-65B0-4202-98BF-5FF72A245108}.Debug|Any CPU.ActiveCfg = Debug|Any CPU
		{91732287-65B0-4202-98BF-5FF72A245108}.Debug|Any CPU.Build.0 = Debug|Any CPU
		{91732287-65B0-4202-98BF-5FF72A245108}.Release|Any CPU.ActiveCfg = Release|Any CPU
		{91732287-65B0-4202-98BF-5FF72A245108}.Release|Any CPU.Build.0 = Release|Any CPU
	EndGlobalSection
	GlobalSection(SolutionProperties) = preSolution
		HideSolutionNode = FALSE
	EndGlobalSection
	GlobalSection(ExtensibilityGlobals) = postSolution
		SolutionGuid = {C1DCC2AC-82DF-4281-B04F-24CF3B306D0D}
	EndGlobalSection
EndGlobal
